{
  "name": "test",
  "version": "1.0.0",
  "lockfileVersion": 1,
  "requires": true,
  "dependencies": {
    "onecm-frame-print": {
      "version": "1.0.0",
      "resolved": "https://registry.npmjs.org/onecm-frame-print/-/onecm-frame-print-1.0.0.tgz",
      "integrity": "sha512-Wtq4oHj3Q8rUKnlRuWtsP+VUJLz1mzGocFhKBLDH7FpiRj/IuD92u0CCLhYTLSrYfQl3mknwpZpN+4mDfr002Q=="
    }
  }
}
